// !$*UTF8*$!
{
	archiveVersion = 1;
	classes = {
	};
	objectVersion = 50;
	objects = {

/* Begin PBXBuildFile section */
		883240362446CB4500E3F39B /* AppDelegate.swift in Sources */ = {isa = PBXBuildFile; fileRef = 883240352446CB4500E3F39B /* AppDelegate.swift */; };
		883240382446CB4500E3F39B /* SceneDelegate.swift in Sources */ = {isa = PBXBuildFile; fileRef = 883240372446CB4500E3F39B /* SceneDelegate.swift */; };
		8832403A2446CB4500E3F39B /* ViewController.swift in Sources */ = {isa = PBXBuildFile; fileRef = 883240392446CB4500E3F39B /* ViewController.swift */; };
		8832403D2446CB4500E3F39B /* Main.storyboard in Resources */ = {isa = PBXBuildFile; fileRef = 8832403B2446CB4500E3F39B /* Main.storyboard */; };
		8832403F2446CB4600E3F39B /* Assets.xcassets in Resources */ = {isa = PBXBuildFile; fileRef = 8832403E2446CB4600E3F39B /* Assets.xcassets */; };
		883240422446CB4600E3F39B /* LaunchScreen.storyboard in Resources */ = {isa = PBXBuildFile; fileRef = 883240402446CB4600E3F39B /* LaunchScreen.storyboard */; };
		8832404A2446CBC800E3F39B /* LocalAuth.swift in Sources */ = {isa = PBXBuildFile; fileRef = 883240492446CBC800E3F39B /* LocalAuth.swift */; };
/* End PBXBuildFile section */

/* Begin PBXFileReference section */
		883240322446CB4500E3F39B /* BiometricAuth.app */ = {isa = PBXFileReference; explicitFileType = wrapper.application; includeInIndex = 0; path = BiometricAuth.app; sourceTree = BUILT_PRODUCTS_DIR; };
		883240352446CB4500E3F39B /* AppDelegate.swift */ = {isa = PBXFileReference; lastKnownFileType = sourcecode.swift; path = AppDelegate.swift; sourceTree = "<group>"; };
		883240372446CB4500E3F39B /* SceneDelegate.swift */ = {isa = PBXFileReference; lastKnownFileType = sourcecode.swift; path = SceneDelegate.swift; sourceTree = "<group>"; };
		883240392446CB4500E3F39B /* ViewController.swift */ = {isa = PBXFileReference; lastKnownFileType = sourcecode.swift; path = ViewController.swift; sourceTree = "<group>"; };
		8832403C2446CB4500E3F39B /* Base */ = {isa = PBXFileReference; lastKnownFileType = file.storyboard; name = Base; path = Base.lproj/Main.storyboard; sourceTree = "<group>"; };
		8832403E2446CB4600E3F39B /* Assets.xcassets */ = {isa = PBXFileReference; lastKnownFileType = folder.assetcatalog; path = Assets.xcassets; sourceTree = "<group>"; };
		883240412446CB4600E3F39B /* Base */ = {isa = PBXFileReference; lastKnownFileType = file.storyboard; name = Base; path = Base.lproj/LaunchScreen.storyboard; sourceTree = "<group>"; };
		883240432446CB4600E3F39B /* Info.plist */ = {isa = PBXFileReference; lastKnownFileType = text.plist.xml; path = Info.plist; sourceTree = "<group>"; };
		883240492446CBC800E3F39B /* LocalAuth.swift */ = {isa = PBXFileReference; lastKnownFileType = sourcecode.swift; path = LocalAuth.swift; sourceTree = "<group>"; };
/* End PBXFileReference section */

/* Begin PBXFrameworksBuildPhase section */
		8832402F2446CB4500E3F39B /* Frameworks */ = {
			isa = PBXFrameworksBuildPhase;
			buildActionMask = 2147483647;
			files = (
			);
			runOnlyForDeploymentPostprocessing = 0;
		};
/* End PBXFrameworksBuildPhase section */

/* Begin PBXGroup section */
		883240292446CB4500E3F39B = {
			isa = PBXGroup;
			children = (
				883240342446CB4500E3F39B /* BiometricAuth */,
				883240332446CB4500E3F39B /* Products */,
			);
			sourceTree = "<group>";
		};
		883240332446CB4500E3F39B /* Products */ = {
			isa = PBXGroup;
			children = (
				883240322446CB4500E3F39B /* BiometricAuth.app */,
			);
			name = Products;
			sourceTree = "<group>";
		};
		883240342446CB4500E3F39B /* BiometricAuth */ = {
			isa = PBXGroup;
			children = (
				883240352446CB4500E3F39B /* AppDelegate.swift */,
				883240372446CB4500E3F39B /* SceneDelegate.swift */,
				883240392446CB4500E3F39B /* ViewController.swift */,
				883240492446CBC800E3F39B /* LocalAuth.swift */,
				8832403B2446CB4500E3F39B /* Main.storyboard */,
				8832403E2446CB4600E3F39B /* Assets.xcassets */,
				883240402446CB4600E3F39B /* LaunchScreen.storyboard */,
				883240432446CB4600E3F39B /* Info.plist */,
			);
			path = BiometricAuth;
			sourceTree = "<group>";
		};
/* End PBXGroup section */

/* Begin PBXNativeTarget section */
		883240312446CB4500E3F39B /* BiometricAuth */ = {
			isa = PBXNativeTarget;
			buildConfigurationList = 883240462446CB4600E3F39B /* Build configuration list for PBXNativeTarget "BiometricAuth" */;
			buildPhases = (
				8832402E2446CB4500E3F39B /* Sources */,
				8832402F2446CB4500E3F39B /* Frameworks */,
				883240302446CB4500E3F39B /* Resources */,
			);
			buildRules = (
			);
			dependencies = (
			);
			name = BiometricAuth;
			productName = BiometricAuth;
			productReference = 883240322446CB4500E3F39B /* BiometricAuth.app */;
			productType = "com.apple.product-type.application";
		};
/* End PBXNativeTarget section */

/* Begin PBXProject section */
		8832402A2446CB4500E3F39B /* Project object */ = {
			isa = PBXProject;
			attributes = {
				LastSwiftUpdateCheck = 1140;
				LastUpgradeCheck = 1140;
				ORGANIZATIONNAME = "Haresh Gediya";
				TargetAttributes = {
					883240312446CB4500E3F39B = {
						CreatedOnToolsVersion = 11.4;
					};
				};
			};
			buildConfigurationList = 8832402D2446CB4500E3F39B /* Build configuration list for PBXProject "BiometricAuth" */;
			compatibilityVersion = "Xcode 9.3";
			developmentRegion = en;
			hasScannedForEncodings = 0;
			knownRegions = (
				en,
				Base,
			);
			mainGroup = 883240292446CB4500E3F39B;
			productRefGroup = 883240332446CB4500E3F39B /* Products */;
			projectDirPath = "";
			projectRoot = "";
			targets = (
				883240312446CB4500E3F39B /* BiometricAuth */,
			);
		};
/* End PBXProject section */

/* Begin PBXResourcesBuildPhase section */
		883240302446CB4500E3F39B /* Resources */ = {
			isa = PBXResourcesBuildPhase;
			buildActionMask = 2147483647;
			files = (
				883240422446CB4600E3F39B /* LaunchScreen.storyboard in Resources */,
				8832403F2446CB4600E3F39B /* Assets.xcassets in Resources */,
				8832403D2446CB4500E3F39B /* Main.storyboard in Resources */,
			);
			runOnlyForDeploymentPostprocessing = 0;
		};
/* End PBXResourcesBuildPhase section */

/* Begin PBXSourcesBuildPhase section */
		8832402E2446CB4500E3F39B /* Sources */ = {
			isa = PBXSourcesBuildPhase;
			buildActionMask = 2147483647;
			files = (
				8832403A2446CB4500E3F39B /* ViewController.swift in Sources */,
				883240362446CB4500E3F39B /* AppDelegate.swift in Sources */,
				883240382446CB4500E3F39B /* SceneDelegate.swift in Sources */,
				8832404A2446CBC800E3F39B /* LocalAuth.swift in Sources */,
			);
			runOnlyForDeploymentPostprocessing = 0;
		};
/* End PBXSourcesBuildPhase section */

/* Begin PBXVariantGroup section */
		8832403B2446CB4500E3F39B /* Main.storyboard */ = {
			isa = PBXVariantGroup;
			children = (
				8832403C2446CB4500E3F39B /* Base */,
			);
			name = Main.storyboard;
			sourceTree = "<group>";
		};
		883240402446CB4600E3F39B /* LaunchScreen.storyboard */ = {
			isa = PBXVariantGroup;
			children = (
				883240412446CB4600E3F39B /* Base */,
			);
			name = LaunchScreen.storyboard;
			sourceTree = "<group>";
		};
/* End PBXVariantGroup section */

/* Begin XCBuildConfiguration section */
		883240442446CB4600E3F39B /* Debug */ = {
			isa = XCBuildConfiguration;
			buildSettings = {
				ALWAYS_SEARCH_USER_PATHS = NO;
				CLANG_ANALYZER_NONNULL = YES;
				CLANG_ANALYZER_NUMBER_OBJECT_CONVERSION = YES_AGGRESSIVE;
				CLANG_CXX_LANGUAGE_STANDARD = "gnu++14";
				CLANG_CXX_LIBRARY = "libc++";
				CLANG_ENABLE_MODULES = YES;
				CLANG_ENABLE_OBJC_ARC = YES;
				CLANG_ENABLE_OBJC_WEAK = YES;
				CLANG_WARN_BLOCK_CAPTURE_AUTORELEASING = YES;
				CLANG_WARN_BOOL_CONVERSION = YES;
				CLANG_WARN_COMMA = YES;
				CLANG_WARN_CONSTANT_CONVERSION = YES;
				CLANG_WARN_DEPRECATED_OBJC_IMPLEMENTATIONS = YES;
				CLANG_WARN_DIRECT_OBJC_ISA_USAGE = YES_ERROR;
				CLANG_WARN_DOCUMENTATION_COMMENTS = YES;
				CLANG_WARN_EMPTY_BODY = YES;
				CLANG_WARN_ENUM_CONVERSION = YES;
				CLANG_WARN_INFINITE_RECURSION = YES;
				CLANG_WARN_INT_CONVERSION = YES;
				CLANG_WARN_NON_LITERAL_NULL_CONVERSION = YES;
				CLANG_WARN_OBJC_IMPLICIT_RETAIN_SELF = YES;
				CLANG_WARN_OBJC_LITERAL_CONVERSION = YES;
				CLANG_WARN_OBJC_ROOT_CLASS = YES_ERROR;
				CLANG_WARN_RANGE_LOOP_ANALYSIS = YES;
				CLANG_WARN_STRICT_PROTOTYPES = YES;
				CLANG_WARN_SUSPICIOUS_MOVE = YES;
				CLANG_WARN_UNGUARDED_AVAILABILITY = YES_AGGRESSIVE;
				CLANG_WARN_UNREACHABLE_CODE = YES;
				CLANG_WARN__DUPLICATE_METHOD_MATCH = YES;
				COPY_PHASE_STRIP = NO;
				DEBUG_INFORMATION_FORMAT = dwarf;
				ENABLE_STRICT_OBJC_MSGSEND = YES;
				ENABLE_TESTABILITY = YES;
				GCC_C_LANGUAGE_STANDARD = gnu11;
				GCC_DYNAMIC_NO_PIC = NO;
				GCC_NO_COMMON_BLOCKS = YES;
				GCC_OPTIMIZATION_LEVEL = 0;
				GCC_PREPROCESSOR_DEFINITIONS = (
					"DEBUG=1",
					"$(inherited)",
				);
				GCC_WARN_64_TO_32_BIT_CONVERSION = YES;
				GCC_WARN_ABOUT_RETURN_TYPE = YES_ERROR;
				GCC_WARN_UNDECLARED_SELECTOR = YES;
				GCC_WARN_UNINITIALIZED_AUTOS = YES_AGGRESSIVE;
				GCC_WARN_UNUSED_FUNCTION = YES;
				GCC_WARN_UNUSED_VARIABLE = YES;
				IPHONEOS_DEPLOYMENT_TARGET = 13.4;
				MTL_ENABLE_DEBUG_INFO = INCLUDE_SOURCE;
				MTL_FAST_MATH = YES;
				ONLY_ACTIVE_ARCH = YES;
				SDKROOT = iphoneos;
				SWIFT_ACTIVE_COMPILATION_CONDITIONS = DEBUG;
				SWIFT_OPTIMIZATION_LEVEL = "-Onone";
			};
			name = Debug;
		};
		883240452446CB4600E3F39B /* Release */ = {
			isa = XCBuildConfiguration;
			buildSettings = {
				ALWAYS_SEARCH_USER_PATHS = NO;
				CLANG_ANALYZER_NONNULL = YES;
				CLANG_ANALYZER_NUMBER_OBJECT_CONVERSION = YES_AGGRESSIVE;
				CLANG_CXX_LANGUAGE_STANDARD = "gnu++14";
				CLANG_CXX_LIBRARY = "libc++";
				CLANG_ENABLE_MODULES = YES;
				CLANG_ENABLE_OBJC_ARC = YES;
				CLANG_ENABLE_OBJC_WEAK = YES;
				CLANG_WARN_BLOCK_CAPTURE_AUTORELEASING = YES;
				CLANG_WARN_BOOL_CONVERSION = YES;
				CLANG_WARN_COMMA = YES;
				CLANG_WARN_CONSTANT_CONVERSION = YES;
				CLANG_WARN_DEPRECATED_OBJC_IMPLEMENTATIONS = YES;
				CLANG_WARN_DIRECT_OBJC_ISA_USAGE = YES_ERROR;
				CLANG_WARN_DOCUMENTATION_COMMENTS = YES;
				CLANG_WARN_EMPTY_BODY = YES;
				CLANG_WARN_ENUM_CONVERSION = YES;
				CLANG_WARN_INFINITE_RECURSION = YES;
				CLANG_WARN_INT_CONVERSION = YES;
				CLANG_WARN_NON_LITERAL_NULL_CONVERSION = YES;
				CLANG_WARN_OBJC_IMPLICIT_RETAIN_SELF = YES;
				CLANG_WARN_OBJC_LITERAL_CONVERSION = YES;
				CLANG_WARN_OBJC_ROOT_CLASS = YES_ERROR;
				CLANG_WARN_RANGE_LOOP_ANALYSIS = YES;
				CLANG_WARN_STRICT_PROTOTYPES = YES;
				CLANG_WARN_SUSPICIOUS_MOVE = YES;
				CLANG_WARN_UNGUARDED_AVAILABILITY = YES_AGGRESSIVE;
				CLANG_WARN_UNREACHABLE_CODE = YES;
				CLANG_WARN__DUPLICATE_METHOD_MATCH = YES;
				COPY_PHASE_STRIP = NO;
				DEBUG_INFORMATION_FORMAT = "dwarf-with-dsym";
				ENABLE_NS_ASSERTIONS = NO;
				ENABLE_STRICT_OBJC_MSGSEND = YES;
				GCC_C_LANGUAGE_STANDARD = gnu11;
				GCC_NO_COMMON_BLOCKS = YES;
				GCC_WARN_64_TO_32_BIT_CONVERSION = YES;
				GCC_WARN_ABOUT_RETURN_TYPE = YES_ERROR;
				GCC_WARN_UNDECLARED_SELECTOR = YES;
				GCC_WARN_UNINITIALIZED_AUTOS = YES_AGGRESSIVE;
				GCC_WARN_UNUSED_FUNCTION = YES;
				GCC_WARN_UNUSED_VARIABLE = YES;
				IPHONEOS_DEPLOYMENT_TARGET = 13.4;
				MTL_ENABLE_DEBUG_INFO = NO;
				MTL_FAST_MATH = YES;
				SDKROOT = iphoneos;
				SWIFT_COMPILATION_MODE = wholemodule;
				SWIFT_OPTIMIZATION_LEVEL = "-O";
				VALIDATE_PRODUCT = YES;
			};
			name = Release;
		};
		883240472446CB4600E3F39B /* Debug */ = {
			isa = XCBuildConfiguration;
			buildSettings = {
				ASSETCATALOG_COMPILER_APPICON_NAME = AppIcon;
				CODE_SIGN_IDENTITY = "Apple Development";
				CODE_SIGN_STYLE = Automatic;
				DEVELOPMENT_TEAM = ZKUA3HKUP9;
				INFOPLIST_FILE = BiometricAuth/Info.plist;
				LD_RUNPATH_SEARCH_PATHS = (
					"$(inherited)",
					"@executable_path/Frameworks",
				);
				PRODUCT_BUNDLE_IDENTIFIER = com.hareshgediya.BiometricAuth;
				PRODUCT_NAME = "$(TARGET_NAME)";
				PROVISIONING_PROFILE_SPECIFIER = "";
				SWIFT_VERSION = 5.0;
				TARGETED_DEVICE_FAMILY = "1,2";
			};
			name = Debug;
		};
		883240482446CB4600E3F39B /* Release */ = {
			isa = XCBuildConfiguration;
			buildSettings = {
				ASSETCATALOG_COMPILER_APPICON_NAME = AppIcon;
				CODE_SIGN_IDENTITY = "Apple Development";
				CODE_SIGN_STYLE = Automatic;
				DEVELOPMENT_TEAM = ZKUA3HKUP9;
				INFOPLIST_FILE = BiometricAuth/Info.plist;
				LD_RUNPATH_SEARCH_PATHS = (
					"$(inherited)",
					"@executable_path/Frameworks",
				);
				PRODUCT_BUNDLE_IDENTIFIER = com.hareshgediya.BiometricAuth;
				PRODUCT_NAME = "$(TARGET_NAME)";
				PROVISIONING_PROFILE_SPECIFIER = "";
				SWIFT_VERSION = 5.0;
				TARGETED_DEVICE_FAMILY = "1,2";
			};
			name = Release;
		};
/* End XCBuildConfiguration section */

/* Begin XCConfigurationList section */
		8832402D2446CB4500E3F39B /* Build configuration list for PBXProject "BiometricAuth" */ = {
			isa = XCConfigurationList;
			buildConfigurations = (
				883240442446CB4600E3F39B /* Debug */,
				883240452446CB4600E3F39B /* Release */,
			);
			defaultConfigurationIsVisible = 0;
			defaultConfigurationName = Release;
		};
		883240462446CB4600E3F39B /* Build configuration list for PBXNativeTarget "BiometricAuth" */ = {
			isa = XCConfigurationList;
			buildConfigurations = (
				883240472446CB4600E3F39B /* Debug */,
				883240482446CB4600E3F39B /* Release */,
			);
			defaultConfigurationIsVisible = 0;
			defaultConfigurationName = Release;
		};
/* End XCConfigurationList section */
	};
	rootObject = 8832402A2446CB4500E3F39B /* Project object */;
}
